
Microsoft Visual Studio Solution File, Format Version 12.00
# Visual Studio Version 17
VisualStudioVersion = 17.2.32901.213
MinimumVisualStudioVersion = 10.0.40219.1
Project("{FAE04EC0-301F-11D3-BF4B-00C04F79EFBC}") = "3DCanvasApp", "3DCanvasApp.csproj", "{D88A0F59-6D07-484C-80A7-D60EA1F8DDBE}"
EndProject
Project("{FAE04EC0-301F-11D3-BF4B-00C04F79EFBC}") = "3DViewer", "..\3DViewer\3DViewer.csproj", "{5A1AA567-523A-47A6-8E2F-C939AFE13BAE}"
EndProject
Project("{FAE04EC0-301F-11D3-BF4B-00C04F79EFBC}") = "ParserLibrary", "..\ParserLibrary\ParserLibrary.csproj", "{20979148-5201-4D4C-895B-859DEFD88199}"
EndProject
Project("{FAE04EC0-301F-11D3-BF4B-00C04F79EFBC}") = "trow_Snapshotter", "..\trow_Snapshotter\trow_Snapshotter.csproj", "{7EC6A469-F553-4C0E-B233-022598AEC646}"
EndProject
Global
	GlobalSection(SolutionConfigurationPlatforms) = preSolution
		Debug|Any CPU = Debug|Any CPU
		Debug|x86 = Debug|x86
		Release|Any CPU = Release|Any CPU
		Release|x86 = Release|x86
	EndGlobalSection
	GlobalSection(ProjectConfigurationPlatforms) = postSolution
		{D88A0F59-6D07-484C-80A7-D60EA1F8DDBE}.Debug|Any CPU.ActiveCfg = Debug|Any CPU
		{D88A0F59-6D07-484C-80A7-D60EA1F8DDBE}.Debug|Any CPU.Build.0 = Debug|Any CPU
		{D88A0F59-6D07-484C-80A7-D60EA1F8DDBE}.Debug|x86.ActiveCfg = Debug|Any CPU
		{D88A0F59-6D07-484C-80A7-D60EA1F8DDBE}.Debug|x86.Build.0 = Debug|Any CPU
		{D88A0F59-6D07-484C-80A7-D60EA1F8DDBE}.Release|Any CPU.ActiveCfg = Release|Any CPU
		{D88A0F59-6D07-484C-80A7-D60EA1F8DDBE}.Release|Any CPU.Build.0 = Release|Any CPU
		{D88A0F59-6D07-484C-80A7-D60EA1F8DDBE}.Release|x86.ActiveCfg = Release|Any CPU
		{D88A0F59-6D07-484C-80A7-D60EA1F8DDBE}.Release|x86.Build.0 = Release|Any CPU
		{5A1AA567-523A-47A6-8E2F-C939AFE13BAE}.Debug|Any CPU.ActiveCfg = Debug|Any CPU
		{5A1AA567-523A-47A6-8E2F-C939AFE13BAE}.Debug|Any CPU.Build.0 = Debug|Any CPU
		{5A1AA567-523A-47A6-8E2F-C939AFE13BAE}.Debug|x86.ActiveCfg = Debug|Any CPU
		{5A1AA567-523A-47A6-8E2F-C939AFE13BAE}.Debug|x86.Build.0 = Debug|Any CPU
		{5A1AA567-523A-47A6-8E2F-C939AFE13BAE}.Release|Any CPU.ActiveCfg = Release|Any CPU
		{5A1AA567-523A-47A6-8E2F-C939AFE13BAE}.Release|Any CPU.Build.0 = Release|Any CPU
		{5A1AA567-523A-47A6-8E2F-C939AFE13BAE}.Release|x86.ActiveCfg = Release|Any CPU
		{5A1AA567-523A-47A6-8E2F-C939AFE13BAE}.Release|x86.Build.0 = Release|Any CPU
		{20979148-5201-4D4C-895B-859DEFD88199}.Debug|Any CPU.ActiveCfg = Debug|Any CPU
		{20979148-5201-4D4C-895B-859DEFD88199}.Debug|Any CPU.Build.0 = Debug|Any CPU
		{20979148-5201-4D4C-895B-859DEFD88199}.Debug|x86.ActiveCfg = Debug|Any CPU
		{20979148-5201-4D4C-895B-859DEFD88199}.Debug|x86.Build.0 = Debug|Any CPU
		{20979148-5201-4D4C-895B-859DEFD88199}.Release|Any CPU.ActiveCfg = Release|Any CPU
		{20979148-5201-4D4C-895B-859DEFD88199}.Release|Any CPU.Build.0 = Release|Any CPU
		{20979148-5201-4D4C-895B-859DEFD88199}.Release|x86.ActiveCfg = Release|Any CPU
		{20979148-5201-4D4C-895B-859DEFD88199}.Release|x86.Build.0 = Release|Any CPU
		{7EC6A469-F553-4C0E-B233-022598AEC646}.Debug|Any CPU.ActiveCfg = Debug|Any CPU
		{7EC6A469-F553-4C0E-B233-022598AEC646}.Debug|Any CPU.Build.0 = Debug|Any CPU
		{7EC6A469-F553-4C0E-B233-022598AEC646}.Debug|x86.ActiveCfg = Debug|Any CPU
		{7EC6A469-F553-4C0E-B233-022598AEC646}.Debug|x86.Build.0 = Debug|Any CPU
		{7EC6A469-F553-4C0E-B233-022598AEC646}.Release|Any CPU.ActiveCfg = Release|Any CPU
		{7EC6A469-F553-4C0E-B233-022598AEC646}.Release|Any CPU.Build.0 = Release|Any CPU
		{7EC6A469-F553-4C0E-B233-022598AEC646}.Release|x86.ActiveCfg = Release|Any CPU
		{7EC6A469-F553-4C0E-B233-022598AEC646}.Release|x86.Build.0 = Release|Any CPU
	EndGlobalSection
	GlobalSection(SolutionProperties) = preSolution
		HideSolutionNode = FALSE
	EndGlobalSection
	GlobalSection(ExtensibilityGlobals) = postSolution
		SolutionGuid = {9AA648C4-7740-4170-A04D-499CC7DEC70B}
	EndGlobalSection
EndGlobal
